
Microsoft Visual Studio Solution File, Format Version 12.00
# Visual Studio Version 16
VisualStudioVersion = 16.0.30804.86
MinimumVisualStudioVersion = 10.0.40219.1
Project("{9A19103F-16F7-4668-BE54-9A1E7A4F7556}") = "ResumeProject", "HabrProject\ResumeProject.csproj", "{FCF7D090-52B8-4E60-BD45-F8A2FA5CD9B3}"
EndProject
Global
	GlobalSection(SolutionConfigurationPlatforms) = preSolution
		Debug|Any CPU = Debug|Any CPU
		Release|Any CPU = Release|Any CPU
	EndGlobalSection
	GlobalSection(ProjectConfigurationPlatforms) = postSolution
		{FCF7D090-52B8-4E60-BD45-F8A2FA5CD9B3}.Debug|Any CPU.ActiveCfg = Debug|Any CPU
		{FCF7D090-52B8-4E60-BD45-F8A2FA5CD9B3}.Debug|Any CPU.Build.0 = Debug|Any CPU
		{FCF7D090-52B8-4E60-BD45-F8A2FA5CD9B3}.Release|Any CPU.ActiveCfg = Release|Any CPU
		{FCF7D090-52B8-4E60-BD45-F8A2FA5CD9B3}.Release|Any CPU.Build.0 = Release|Any CPU
	EndGlobalSection
	GlobalSection(SolutionProperties) = preSolution
		HideSolutionNode = FALSE
	EndGlobalSection
	GlobalSection(ExtensibilityGlobals) = postSolution
		SolutionGuid = {696E1AAD-4BF1-4B70-99FF-7B49A830B411}
	EndGlobalSection
EndGlobal
